
Microsoft Visual Studio Solution File, Format Version 12.00
# Visual Studio Version 16
VisualStudioVersion = 16.0.29324.140
MinimumVisualStudioVersion = 10.0.40219.1
Project("{2150E333-8FDC-42A3-9474-1A3956D46DE8}") = "Domain.Core", "Domain.Core", "{82A22A5B-3EA0-4384-AADC-1D4B987548BE}"
EndProject
Project("{2150E333-8FDC-42A3-9474-1A3956D46DE8}") = "PatientAggregate", "PatientAggregate", "{2904454C-F0DD-447F-9943-407A8F7BEA51}"
EndProject
Project("{2150E333-8FDC-42A3-9474-1A3956D46DE8}") = "0 - Tests", "0 - Tests", "{6FA350D0-C70A-4912-A481-C22431730262}"
EndProject
Project("{2150E333-8FDC-42A3-9474-1A3956D46DE8}") = "1 - Web", "1 - Web", "{FF469AFD-8689-492A-B1CA-09C41BCC588B}"
EndProject
Project("{2150E333-8FDC-42A3-9474-1A3956D46DE8}") = "2 - Domain", "2 - Domain", "{2B33DC8F-4E4C-431B-8160-308C5216F249}"
EndProject
Project("{2150E333-8FDC-42A3-9474-1A3956D46DE8}") = "3 - Infrastructure", "3 - Infrastructure", "{C91C8DF8-AACD-4F95-A13A-3B7B3645C8A7}"
EndProject
Project("{2150E333-8FDC-42A3-9474-1A3956D46DE8}") = "3.1 - Data", "3.1 - Data", "{6B1173B6-031F-4F31-A792-7AD8EDDF9458}"
EndProject
Project("{2150E333-8FDC-42A3-9474-1A3956D46DE8}") = "3.2 - CrossCutting", "3.2 - CrossCutting", "{E3709F44-C5B3-4EBD-98D2-69BB4F1D4681}"
EndProject
Project("{9A19103F-16F7-4668-BE54-9A1E7A4F7556}") = "Sakamoto.TCC2.CSU.Patients.Domain", "src\Paciente\Sakamoto.TCC2.CSU.Paciente.Domain\Sakamoto.TCC2.CSU.Patients.Domain.csproj", "{585C76E8-8C87-4D2F-A1EA-781548CDB502}"
EndProject
Project("{9A19103F-16F7-4668-BE54-9A1E7A4F7556}") = "Sakamoto.TCC2.CSU.Paciente.Tests", "tests\Paciente\Sakamoto.TCC2.CSU.Paciente.Tests\Sakamoto.TCC2.CSU.Paciente.Tests.csproj", "{E5D25421-3A2F-467A-BA85-8A7BBD982F29}"
EndProject
Project("{9A19103F-16F7-4668-BE54-9A1E7A4F7556}") = "Sakamoto.TCC2.CSU.Domain.Core", "src\Domain.Core\Sakamoto.TCC2.CSU.Domain.Core\Sakamoto.TCC2.CSU.Domain.Core\Sakamoto.TCC2.CSU.Domain.Core.csproj", "{FC00F2E7-1D5E-4BEE-9275-DA3AC55AB917}"
EndProject
Project("{2150E333-8FDC-42A3-9474-1A3956D46DE8}") = "src", "src", "{BFE9C19A-08BA-4AE3-B514-99A8FAA3DC32}"
EndProject
Project("{2150E333-8FDC-42A3-9474-1A3956D46DE8}") = "tests", "tests", "{B2EE8D3E-6672-4B46-8B51-1CA40BA42194}"
EndProject
Project("{9A19103F-16F7-4668-BE54-9A1E7A4F7556}") = "Sakamoto.TCC2.CSU.Patients.Infrastructure.Data", "src\Paciente\Sakamoto.TCC2.CSU.Patients.Infrastructure.Data\Sakamoto.TCC2.CSU.Patients.Infrastructure.Data.csproj", "{E745AD75-0281-4C27-AA4C-715970EB59F1}"
EndProject
Project("{2150E333-8FDC-42A3-9474-1A3956D46DE8}") = "IoC", "IoC", "{B3EAFEF2-3C04-49AD-9955-5BD4B9231914}"
EndProject
Project("{2150E333-8FDC-42A3-9474-1A3956D46DE8}") = "Bus", "Bus", "{24058153-07D6-43DA-A25F-0D03EDD7C18E}"
EndProject
Project("{9A19103F-16F7-4668-BE54-9A1E7A4F7556}") = "Sakamoto.TCC2.CSU.Infrastructure.CrossCutting.Bus", "src\Paciente\Sakamoto.TCC2.CSU.Infrastructure.CrossCutting.Bus\Sakamoto.TCC2.CSU.Infrastructure.CrossCutting.Bus.csproj", "{91E5ADA2-22B1-432C-ACE8-50C46E84CEC3}"
EndProject
Project("{9A19103F-16F7-4668-BE54-9A1E7A4F7556}") = "Sakamoto.TCC2.CSU.Infrastructure.IoC", "src\Paciente\Sakamoto.TCC2.CSU.Infrastructure.IoC\Sakamoto.TCC2.CSU.Infrastructure.IoC.csproj", "{3CD123E8-F9C8-4D00-9F41-511F22F30E34}"
EndProject
Project("{FAE04EC0-301F-11D3-BF4B-00C04F79EFBC}") = "Sakamoto.TCC2.CSU.Patient.Web", "src\Paciente\Sakamoto.TCC2.CSU.Patient.Web\Sakamoto.TCC2.CSU.Patient.Web.csproj", "{00BD4355-FD3E-44C2-8F18-821EEB82EBA3}"
EndProject
Global
	GlobalSection(SolutionConfigurationPlatforms) = preSolution
		Debug|Any CPU = Debug|Any CPU
		Release|Any CPU = Release|Any CPU
	EndGlobalSection
	GlobalSection(ProjectConfigurationPlatforms) = postSolution
		{585C76E8-8C87-4D2F-A1EA-781548CDB502}.Debug|Any CPU.ActiveCfg = Debug|Any CPU
		{585C76E8-8C87-4D2F-A1EA-781548CDB502}.Debug|Any CPU.Build.0 = Debug|Any CPU
		{585C76E8-8C87-4D2F-A1EA-781548CDB502}.Release|Any CPU.ActiveCfg = Release|Any CPU
		{585C76E8-8C87-4D2F-A1EA-781548CDB502}.Release|Any CPU.Build.0 = Release|Any CPU
		{E5D25421-3A2F-467A-BA85-8A7BBD982F29}.Debug|Any CPU.ActiveCfg = Debug|Any CPU
		{E5D25421-3A2F-467A-BA85-8A7BBD982F29}.Debug|Any CPU.Build.0 = Debug|Any CPU
		{E5D25421-3A2F-467A-BA85-8A7BBD982F29}.Release|Any CPU.ActiveCfg = Release|Any CPU
		{E5D25421-3A2F-467A-BA85-8A7BBD982F29}.Release|Any CPU.Build.0 = Release|Any CPU
		{FC00F2E7-1D5E-4BEE-9275-DA3AC55AB917}.Debug|Any CPU.ActiveCfg = Debug|Any CPU
		{FC00F2E7-1D5E-4BEE-9275-DA3AC55AB917}.Debug|Any CPU.Build.0 = Debug|Any CPU
		{FC00F2E7-1D5E-4BEE-9275-DA3AC55AB917}.Release|Any CPU.ActiveCfg = Release|Any CPU
		{FC00F2E7-1D5E-4BEE-9275-DA3AC55AB917}.Release|Any CPU.Build.0 = Release|Any CPU
		{E745AD75-0281-4C27-AA4C-715970EB59F1}.Debug|Any CPU.ActiveCfg = Debug|Any CPU
		{E745AD75-0281-4C27-AA4C-715970EB59F1}.Debug|Any CPU.Build.0 = Debug|Any CPU
		{E745AD75-0281-4C27-AA4C-715970EB59F1}.Release|Any CPU.ActiveCfg = Release|Any CPU
		{E745AD75-0281-4C27-AA4C-715970EB59F1}.Release|Any CPU.Build.0 = Release|Any CPU
		{91E5ADA2-22B1-432C-ACE8-50C46E84CEC3}.Debug|Any CPU.ActiveCfg = Debug|Any CPU
		{91E5ADA2-22B1-432C-ACE8-50C46E84CEC3}.Debug|Any CPU.Build.0 = Debug|Any CPU
		{91E5ADA2-22B1-432C-ACE8-50C46E84CEC3}.Release|Any CPU.ActiveCfg = Release|Any CPU
		{91E5ADA2-22B1-432C-ACE8-50C46E84CEC3}.Release|Any CPU.Build.0 = Release|Any CPU
		{3CD123E8-F9C8-4D00-9F41-511F22F30E34}.Debug|Any CPU.ActiveCfg = Debug|Any CPU
		{3CD123E8-F9C8-4D00-9F41-511F22F30E34}.Debug|Any CPU.Build.0 = Debug|Any CPU
		{3CD123E8-F9C8-4D00-9F41-511F22F30E34}.Release|Any CPU.ActiveCfg = Release|Any CPU
		{3CD123E8-F9C8-4D00-9F41-511F22F30E34}.Release|Any CPU.Build.0 = Release|Any CPU
		{00BD4355-FD3E-44C2-8F18-821EEB82EBA3}.Debug|Any CPU.ActiveCfg = Debug|Any CPU
		{00BD4355-FD3E-44C2-8F18-821EEB82EBA3}.Debug|Any CPU.Build.0 = Debug|Any CPU
		{00BD4355-FD3E-44C2-8F18-821EEB82EBA3}.Release|Any CPU.ActiveCfg = Release|Any CPU
		{00BD4355-FD3E-44C2-8F18-821EEB82EBA3}.Release|Any CPU.Build.0 = Release|Any CPU
	EndGlobalSection
	GlobalSection(SolutionProperties) = preSolution
		HideSolutionNode = FALSE
	EndGlobalSection
	GlobalSection(NestedProjects) = preSolution
		{82A22A5B-3EA0-4384-AADC-1D4B987548BE} = {BFE9C19A-08BA-4AE3-B514-99A8FAA3DC32}
		{2904454C-F0DD-447F-9943-407A8F7BEA51} = {BFE9C19A-08BA-4AE3-B514-99A8FAA3DC32}
		{6FA350D0-C70A-4912-A481-C22431730262} = {B2EE8D3E-6672-4B46-8B51-1CA40BA42194}
		{FF469AFD-8689-492A-B1CA-09C41BCC588B} = {2904454C-F0DD-447F-9943-407A8F7BEA51}
		{2B33DC8F-4E4C-431B-8160-308C5216F249} = {2904454C-F0DD-447F-9943-407A8F7BEA51}
		{C91C8DF8-AACD-4F95-A13A-3B7B3645C8A7} = {2904454C-F0DD-447F-9943-407A8F7BEA51}
		{6B1173B6-031F-4F31-A792-7AD8EDDF9458} = {C91C8DF8-AACD-4F95-A13A-3B7B3645C8A7}
		{E3709F44-C5B3-4EBD-98D2-69BB4F1D4681} = {C91C8DF8-AACD-4F95-A13A-3B7B3645C8A7}
		{585C76E8-8C87-4D2F-A1EA-781548CDB502} = {2B33DC8F-4E4C-431B-8160-308C5216F249}
		{E5D25421-3A2F-467A-BA85-8A7BBD982F29} = {6FA350D0-C70A-4912-A481-C22431730262}
		{FC00F2E7-1D5E-4BEE-9275-DA3AC55AB917} = {82A22A5B-3EA0-4384-AADC-1D4B987548BE}
		{E745AD75-0281-4C27-AA4C-715970EB59F1} = {6B1173B6-031F-4F31-A792-7AD8EDDF9458}
		{B3EAFEF2-3C04-49AD-9955-5BD4B9231914} = {E3709F44-C5B3-4EBD-98D2-69BB4F1D4681}
		{24058153-07D6-43DA-A25F-0D03EDD7C18E} = {E3709F44-C5B3-4EBD-98D2-69BB4F1D4681}
		{91E5ADA2-22B1-432C-ACE8-50C46E84CEC3} = {24058153-07D6-43DA-A25F-0D03EDD7C18E}
		{3CD123E8-F9C8-4D00-9F41-511F22F30E34} = {B3EAFEF2-3C04-49AD-9955-5BD4B9231914}
		{00BD4355-FD3E-44C2-8F18-821EEB82EBA3} = {FF469AFD-8689-492A-B1CA-09C41BCC588B}
	EndGlobalSection
	GlobalSection(ExtensibilityGlobals) = postSolution
		SolutionGuid = {6C6C7A7B-777F-4063-8B51-90584EB5E22D}
	EndGlobalSection
EndGlobal
