
Microsoft Visual Studio Solution File, Format Version 12.00
# Visual Studio Version 16
VisualStudioVersion = 16.0.29306.81
MinimumVisualStudioVersion = 10.0.40219.1
Project("{2150E333-8FDC-42A3-9474-1A3956D46DE8}") = "0 - Tests", "0 - Tests", "{131541C1-C0B3-494D-97DA-C4AC8688F225}"
EndProject
Project("{2150E333-8FDC-42A3-9474-1A3956D46DE8}") = "1 - Web", "1 - Web", "{2FA5C218-F81B-4578-8200-C40B39AD678D}"
EndProject
Project("{2150E333-8FDC-42A3-9474-1A3956D46DE8}") = "2 - Domain", "2 - Domain", "{D36E7F98-0EA2-4164-946C-D77556FEA9A8}"
EndProject
Project("{2150E333-8FDC-42A3-9474-1A3956D46DE8}") = "3 - Infrastructure", "3 - Infrastructure", "{0DE9E67F-8C26-4DBB-B484-1AB93145BAC8}"
EndProject
Project("{2150E333-8FDC-42A3-9474-1A3956D46DE8}") = "3.1 - Data", "3.1 - Data", "{A724D134-51AB-4F96-B5EA-F685BA8EE930}"
EndProject
Project("{2150E333-8FDC-42A3-9474-1A3956D46DE8}") = "3.2 - Cross Cutting", "3.2 - Cross Cutting", "{74F50E0F-F618-46FD-A0B3-FD8282637416}"
EndProject
Project("{2150E333-8FDC-42A3-9474-1A3956D46DE8}") = "Paciente", "Paciente", "{06966C9E-7174-4713-B571-C06F99361BD1}"
EndProject
Project("{2150E333-8FDC-42A3-9474-1A3956D46DE8}") = "Medico", "Medico", "{7009B9AD-3975-43E6-8651-4492F6941DD4}"
EndProject
Project("{2150E333-8FDC-42A3-9474-1A3956D46DE8}") = "0 - Tests", "0 - Tests", "{FC4BA782-2A92-4BA1-B17C-FE0A632A3070}"
EndProject
Project("{2150E333-8FDC-42A3-9474-1A3956D46DE8}") = "1 - Web", "1 - Web", "{FF5878A1-FFEB-41C0-A946-4C094419E4DE}"
EndProject
Project("{2150E333-8FDC-42A3-9474-1A3956D46DE8}") = "2 - Domain", "2 - Domain", "{6D29EB70-525D-436E-80BD-3A81469E3AAB}"
EndProject
Project("{2150E333-8FDC-42A3-9474-1A3956D46DE8}") = "3 - Infrastrucure", "3 - Infrastrucure", "{F048F172-B42C-4277-BCAB-BB0A0AA49517}"
EndProject
Project("{2150E333-8FDC-42A3-9474-1A3956D46DE8}") = "3.1 - Data", "3.1 - Data", "{87CD5D76-D59F-40FD-B9F5-D4B0B30473E0}"
EndProject
Project("{2150E333-8FDC-42A3-9474-1A3956D46DE8}") = "3.2 - Cross Cutting", "3.2 - Cross Cutting", "{A3D3A2C9-1760-468D-85A2-6F3C9D36E4A9}"
EndProject
Project("{2150E333-8FDC-42A3-9474-1A3956D46DE8}") = "Domain - Core", "Domain - Core", "{58126C85-FBA7-4A93-9F7E-9A4518B5447A}"
EndProject
Project("{FAE04EC0-301F-11D3-BF4B-00C04F79EFBC}") = "Sakamoto.TCC2.CSU.Domain.Core", "src\Domain - Core\Sakamoto.TCC2.CSU.Domain.Core\Sakamoto.TCC2.CSU.Domain.Core.csproj", "{3037E54E-7AEB-4934-90D6-E24EFED99BAD}"
EndProject
Project("{FAE04EC0-301F-11D3-BF4B-00C04F79EFBC}") = "Sakamoto.TCC2.CSU.Medico.Tests", "tests\Medico\Sakamoto.TCC2.CSU.Medico.Tests\Sakamoto.TCC2.CSU.Medico.Tests.csproj", "{E0479495-06DB-41FE-ABD1-E0AAD63F9F97}"
EndProject
Project("{FAE04EC0-301F-11D3-BF4B-00C04F79EFBC}") = "Sakamoto.TCC2.CSU.Paciente.Tests", "tests\Paciente\Sakamoto.TCC2.CSU.Paciente.Tests\Sakamoto.TCC2.CSU.Paciente.Tests.csproj", "{FEACE8B0-453E-4257-AF46-91469BBEC503}"
EndProject
Project("{FAE04EC0-301F-11D3-BF4B-00C04F79EFBC}") = "Sakamoto.TCC2.CSU.Paciente.Domain", "src\Paciente\Sakamoto.TCC2.CSU.Paciente.Domain\Sakamoto.TCC2.CSU.Paciente.Domain.csproj", "{F58DAA95-33AD-42A3-A1A2-BF64B53A4DA8}"
EndProject
Project("{FAE04EC0-301F-11D3-BF4B-00C04F79EFBC}") = "Sakamoto.TCC2.CSU.Medico.Domain", "src\Medico\Sakamoto.TCC2.CSU.Medico.Domain\Sakamoto.TCC2.CSU.Medico.Domain.csproj", "{7D2E282D-956F-4C37-B65F-FEBB3AA24908}"
EndProject
Global
	GlobalSection(SolutionConfigurationPlatforms) = preSolution
		Debug|Any CPU = Debug|Any CPU
		Release|Any CPU = Release|Any CPU
	EndGlobalSection
	GlobalSection(ProjectConfigurationPlatforms) = postSolution
		{3037E54E-7AEB-4934-90D6-E24EFED99BAD}.Debug|Any CPU.ActiveCfg = Debug|Any CPU
		{3037E54E-7AEB-4934-90D6-E24EFED99BAD}.Debug|Any CPU.Build.0 = Debug|Any CPU
		{3037E54E-7AEB-4934-90D6-E24EFED99BAD}.Release|Any CPU.ActiveCfg = Release|Any CPU
		{3037E54E-7AEB-4934-90D6-E24EFED99BAD}.Release|Any CPU.Build.0 = Release|Any CPU
		{E0479495-06DB-41FE-ABD1-E0AAD63F9F97}.Debug|Any CPU.ActiveCfg = Debug|Any CPU
		{E0479495-06DB-41FE-ABD1-E0AAD63F9F97}.Debug|Any CPU.Build.0 = Debug|Any CPU
		{E0479495-06DB-41FE-ABD1-E0AAD63F9F97}.Release|Any CPU.ActiveCfg = Release|Any CPU
		{E0479495-06DB-41FE-ABD1-E0AAD63F9F97}.Release|Any CPU.Build.0 = Release|Any CPU
		{FEACE8B0-453E-4257-AF46-91469BBEC503}.Debug|Any CPU.ActiveCfg = Debug|Any CPU
		{FEACE8B0-453E-4257-AF46-91469BBEC503}.Debug|Any CPU.Build.0 = Debug|Any CPU
		{FEACE8B0-453E-4257-AF46-91469BBEC503}.Release|Any CPU.ActiveCfg = Release|Any CPU
		{FEACE8B0-453E-4257-AF46-91469BBEC503}.Release|Any CPU.Build.0 = Release|Any CPU
		{F58DAA95-33AD-42A3-A1A2-BF64B53A4DA8}.Debug|Any CPU.ActiveCfg = Debug|Any CPU
		{F58DAA95-33AD-42A3-A1A2-BF64B53A4DA8}.Debug|Any CPU.Build.0 = Debug|Any CPU
		{F58DAA95-33AD-42A3-A1A2-BF64B53A4DA8}.Release|Any CPU.ActiveCfg = Release|Any CPU
		{F58DAA95-33AD-42A3-A1A2-BF64B53A4DA8}.Release|Any CPU.Build.0 = Release|Any CPU
		{7D2E282D-956F-4C37-B65F-FEBB3AA24908}.Debug|Any CPU.ActiveCfg = Debug|Any CPU
		{7D2E282D-956F-4C37-B65F-FEBB3AA24908}.Debug|Any CPU.Build.0 = Debug|Any CPU
		{7D2E282D-956F-4C37-B65F-FEBB3AA24908}.Release|Any CPU.ActiveCfg = Release|Any CPU
		{7D2E282D-956F-4C37-B65F-FEBB3AA24908}.Release|Any CPU.Build.0 = Release|Any CPU
	EndGlobalSection
	GlobalSection(SolutionProperties) = preSolution
		HideSolutionNode = FALSE
	EndGlobalSection
	GlobalSection(NestedProjects) = preSolution
		{131541C1-C0B3-494D-97DA-C4AC8688F225} = {06966C9E-7174-4713-B571-C06F99361BD1}
		{2FA5C218-F81B-4578-8200-C40B39AD678D} = {06966C9E-7174-4713-B571-C06F99361BD1}
		{D36E7F98-0EA2-4164-946C-D77556FEA9A8} = {06966C9E-7174-4713-B571-C06F99361BD1}
		{0DE9E67F-8C26-4DBB-B484-1AB93145BAC8} = {06966C9E-7174-4713-B571-C06F99361BD1}
		{A724D134-51AB-4F96-B5EA-F685BA8EE930} = {0DE9E67F-8C26-4DBB-B484-1AB93145BAC8}
		{74F50E0F-F618-46FD-A0B3-FD8282637416} = {0DE9E67F-8C26-4DBB-B484-1AB93145BAC8}
		{FC4BA782-2A92-4BA1-B17C-FE0A632A3070} = {7009B9AD-3975-43E6-8651-4492F6941DD4}
		{FF5878A1-FFEB-41C0-A946-4C094419E4DE} = {7009B9AD-3975-43E6-8651-4492F6941DD4}
		{6D29EB70-525D-436E-80BD-3A81469E3AAB} = {7009B9AD-3975-43E6-8651-4492F6941DD4}
		{F048F172-B42C-4277-BCAB-BB0A0AA49517} = {7009B9AD-3975-43E6-8651-4492F6941DD4}
		{87CD5D76-D59F-40FD-B9F5-D4B0B30473E0} = {F048F172-B42C-4277-BCAB-BB0A0AA49517}
		{A3D3A2C9-1760-468D-85A2-6F3C9D36E4A9} = {F048F172-B42C-4277-BCAB-BB0A0AA49517}
		{3037E54E-7AEB-4934-90D6-E24EFED99BAD} = {58126C85-FBA7-4A93-9F7E-9A4518B5447A}
		{E0479495-06DB-41FE-ABD1-E0AAD63F9F97} = {FC4BA782-2A92-4BA1-B17C-FE0A632A3070}
		{FEACE8B0-453E-4257-AF46-91469BBEC503} = {131541C1-C0B3-494D-97DA-C4AC8688F225}
		{F58DAA95-33AD-42A3-A1A2-BF64B53A4DA8} = {D36E7F98-0EA2-4164-946C-D77556FEA9A8}
		{7D2E282D-956F-4C37-B65F-FEBB3AA24908} = {6D29EB70-525D-436E-80BD-3A81469E3AAB}
	EndGlobalSection
	GlobalSection(ExtensibilityGlobals) = postSolution
		SolutionGuid = {F1CDAD0B-3B74-49ED-B13C-D48D327B8324}
	EndGlobalSection
EndGlobal
