
Microsoft Visual Studio Solution File, Format Version 12.00
# Visual Studio Version 16
VisualStudioVersion = 16.0.29424.173
MinimumVisualStudioVersion = 10.0.40219.1
Project("{2150E333-8FDC-42A3-9474-1A3956D46DE8}") = "Solution Itens", "Solution Itens", "{85BD7AC2-61F7-4ECB-87F7-C061C8D5779A}"
	ProjectSection(SolutionItems) = preProject
		global.json = global.json
	EndProjectSection
EndProject
Project("{2150E333-8FDC-42A3-9474-1A3956D46DE8}") = "src", "src", "{10D05DFD-9379-4BDC-A0FD-15869F769A5C}"
EndProject
Project("{2150E333-8FDC-42A3-9474-1A3956D46DE8}") = "test", "test", "{EB14AEAB-2031-4DF3-B807-011C59513456}"
EndProject
Project("{2150E333-8FDC-42A3-9474-1A3956D46DE8}") = "Domain.Core", "Domain.Core", "{D258C02C-4765-4971-9F6E-406B0CF0132A}"
EndProject
Project("{2150E333-8FDC-42A3-9474-1A3956D46DE8}") = "MedialRecordAggragate", "MedialRecordAggragate", "{4C70684F-28C5-468C-8185-BAEF7CE6D950}"
EndProject
Project("{2150E333-8FDC-42A3-9474-1A3956D46DE8}") = "1 - Web", "1 - Web", "{825BD21D-B71A-4CFC-9F63-6E10B04A8846}"
EndProject
Project("{2150E333-8FDC-42A3-9474-1A3956D46DE8}") = "2 - Application", "2 - Application", "{C6FA3D22-1DC3-40DA-B6B1-813F3B07DE00}"
EndProject
Project("{2150E333-8FDC-42A3-9474-1A3956D46DE8}") = "3 - Domain", "3 - Domain", "{413966E2-DB08-4312-843E-5751DC5BDD81}"
EndProject
Project("{2150E333-8FDC-42A3-9474-1A3956D46DE8}") = "4 - Infrastucture", "4 - Infrastucture", "{FD36C72A-75AD-46E6-996E-0A353F97BB26}"
EndProject
Project("{2150E333-8FDC-42A3-9474-1A3956D46DE8}") = "4.1 - Data", "4.1 - Data", "{99CAB5F9-EA60-4319-99B8-6C0FEF7769FE}"
EndProject
Project("{2150E333-8FDC-42A3-9474-1A3956D46DE8}") = "4.2 - CrossCutting", "4.2 - CrossCutting", "{C05CF503-91F4-494E-BC6D-C66C83C850BD}"
EndProject
Project("{9A19103F-16F7-4668-BE54-9A1E7A4F7556}") = "Sakamoto.TCC2.CSU.Domain.Core", "src\Domain.Core\Sakamoto.TCC2.CSU.Domain.Core\Sakamoto.TCC2.CSU.Domain.Core\Sakamoto.TCC2.CSU.Domain.Core.csproj", "{E20FF676-8CEB-4158-A2A4-E10EDC6F2985}"
EndProject
Project("{FAE04EC0-301F-11D3-BF4B-00C04F79EFBC}") = "Sakamoto.TCC2.CSU.MedicalRecord.Application", "src\Laudo\Sakamoto.TCC2.CSU.MedicalRecord.Application\Sakamoto.TCC2.CSU.MedicalRecord.Application.csproj", "{E48D3BBA-51E0-4BCD-8BC2-D7CCB2400BBD}"
EndProject
Project("{FAE04EC0-301F-11D3-BF4B-00C04F79EFBC}") = "Sakamoto.TCC2.CSU.MedicalRecord.Domain", "src\Laudo\Sakamoto.TCC2.CSU.MedicalRecord.Domain\Sakamoto.TCC2.CSU.MedicalRecord.Domain.csproj", "{330A62A9-1DDA-43BE-82D5-2748AD6F2119}"
EndProject
Project("{FAE04EC0-301F-11D3-BF4B-00C04F79EFBC}") = "Sakamoto.TCC2.CSU.MedicalRecord.Infrastructure.Data", "src\Laudo\Sakamoto.TCC2.CSU.MedicalRecord.Infrastructure.Data\Sakamoto.TCC2.CSU.MedicalRecord.Infrastructure.Data.csproj", "{CA70AEB4-52AC-49DA-BDD9-A173A28CC22B}"
EndProject
Project("{2150E333-8FDC-42A3-9474-1A3956D46DE8}") = "IoC", "IoC", "{BAB561D1-E214-48E7-A193-6D52501C696A}"
EndProject
Project("{2150E333-8FDC-42A3-9474-1A3956D46DE8}") = "Bus", "Bus", "{2405C598-F02B-45DA-9731-3DBAC86DDF90}"
EndProject
Project("{FAE04EC0-301F-11D3-BF4B-00C04F79EFBC}") = "Sakamoto.TCC2.CSU.Infrastructure.CrossCutting.Bus", "src\Laudo\Sakamoto.TCC2.CSU.Infrastructure.CrossCutting.Bus\Sakamoto.TCC2.CSU.Infrastructure.CrossCutting.Bus.csproj", "{4660CF0A-BF50-4B5B-BC3F-04DDA34C0115}"
EndProject
Project("{FAE04EC0-301F-11D3-BF4B-00C04F79EFBC}") = "Sakamoto.TCC2.CSU.Infrastructure.CrossCutting.IoC", "src\Laudo\Sakamoto.TCC2.CSU.Infrastructure.CrossCutting.IoC\Sakamoto.TCC2.CSU.Infrastructure.CrossCutting.IoC.csproj", "{87E6FA66-4142-44C0-90AE-F0EDBD00BA10}"
EndProject
Project("{FAE04EC0-301F-11D3-BF4B-00C04F79EFBC}") = "Sakamoto.TCC2.CSU.MedicalRecord.Web", "src\Laudo\Sakamoto.TCC2.CSU.MedicalRecord.Web\Sakamoto.TCC2.CSU.MedicalRecord.Web.csproj", "{7CD821C0-1203-4336-BA5E-197B2FD7452D}"
EndProject
Global
	GlobalSection(SolutionConfigurationPlatforms) = preSolution
		Debug|Any CPU = Debug|Any CPU
		Release|Any CPU = Release|Any CPU
	EndGlobalSection
	GlobalSection(ProjectConfigurationPlatforms) = postSolution
		{E20FF676-8CEB-4158-A2A4-E10EDC6F2985}.Debug|Any CPU.ActiveCfg = Debug|Any CPU
		{E20FF676-8CEB-4158-A2A4-E10EDC6F2985}.Debug|Any CPU.Build.0 = Debug|Any CPU
		{E20FF676-8CEB-4158-A2A4-E10EDC6F2985}.Release|Any CPU.ActiveCfg = Release|Any CPU
		{E20FF676-8CEB-4158-A2A4-E10EDC6F2985}.Release|Any CPU.Build.0 = Release|Any CPU
		{E48D3BBA-51E0-4BCD-8BC2-D7CCB2400BBD}.Debug|Any CPU.ActiveCfg = Debug|Any CPU
		{E48D3BBA-51E0-4BCD-8BC2-D7CCB2400BBD}.Debug|Any CPU.Build.0 = Debug|Any CPU
		{E48D3BBA-51E0-4BCD-8BC2-D7CCB2400BBD}.Release|Any CPU.ActiveCfg = Release|Any CPU
		{E48D3BBA-51E0-4BCD-8BC2-D7CCB2400BBD}.Release|Any CPU.Build.0 = Release|Any CPU
		{330A62A9-1DDA-43BE-82D5-2748AD6F2119}.Debug|Any CPU.ActiveCfg = Debug|Any CPU
		{330A62A9-1DDA-43BE-82D5-2748AD6F2119}.Debug|Any CPU.Build.0 = Debug|Any CPU
		{330A62A9-1DDA-43BE-82D5-2748AD6F2119}.Release|Any CPU.ActiveCfg = Release|Any CPU
		{330A62A9-1DDA-43BE-82D5-2748AD6F2119}.Release|Any CPU.Build.0 = Release|Any CPU
		{CA70AEB4-52AC-49DA-BDD9-A173A28CC22B}.Debug|Any CPU.ActiveCfg = Debug|Any CPU
		{CA70AEB4-52AC-49DA-BDD9-A173A28CC22B}.Debug|Any CPU.Build.0 = Debug|Any CPU
		{CA70AEB4-52AC-49DA-BDD9-A173A28CC22B}.Release|Any CPU.ActiveCfg = Release|Any CPU
		{CA70AEB4-52AC-49DA-BDD9-A173A28CC22B}.Release|Any CPU.Build.0 = Release|Any CPU
		{4660CF0A-BF50-4B5B-BC3F-04DDA34C0115}.Debug|Any CPU.ActiveCfg = Debug|Any CPU
		{4660CF0A-BF50-4B5B-BC3F-04DDA34C0115}.Debug|Any CPU.Build.0 = Debug|Any CPU
		{4660CF0A-BF50-4B5B-BC3F-04DDA34C0115}.Release|Any CPU.ActiveCfg = Release|Any CPU
		{4660CF0A-BF50-4B5B-BC3F-04DDA34C0115}.Release|Any CPU.Build.0 = Release|Any CPU
		{87E6FA66-4142-44C0-90AE-F0EDBD00BA10}.Debug|Any CPU.ActiveCfg = Debug|Any CPU
		{87E6FA66-4142-44C0-90AE-F0EDBD00BA10}.Debug|Any CPU.Build.0 = Debug|Any CPU
		{87E6FA66-4142-44C0-90AE-F0EDBD00BA10}.Release|Any CPU.ActiveCfg = Release|Any CPU
		{87E6FA66-4142-44C0-90AE-F0EDBD00BA10}.Release|Any CPU.Build.0 = Release|Any CPU
		{7CD821C0-1203-4336-BA5E-197B2FD7452D}.Debug|Any CPU.ActiveCfg = Debug|Any CPU
		{7CD821C0-1203-4336-BA5E-197B2FD7452D}.Debug|Any CPU.Build.0 = Debug|Any CPU
		{7CD821C0-1203-4336-BA5E-197B2FD7452D}.Release|Any CPU.ActiveCfg = Release|Any CPU
		{7CD821C0-1203-4336-BA5E-197B2FD7452D}.Release|Any CPU.Build.0 = Release|Any CPU
	EndGlobalSection
	GlobalSection(SolutionProperties) = preSolution
		HideSolutionNode = FALSE
	EndGlobalSection
	GlobalSection(NestedProjects) = preSolution
		{D258C02C-4765-4971-9F6E-406B0CF0132A} = {10D05DFD-9379-4BDC-A0FD-15869F769A5C}
		{4C70684F-28C5-468C-8185-BAEF7CE6D950} = {10D05DFD-9379-4BDC-A0FD-15869F769A5C}
		{825BD21D-B71A-4CFC-9F63-6E10B04A8846} = {4C70684F-28C5-468C-8185-BAEF7CE6D950}
		{C6FA3D22-1DC3-40DA-B6B1-813F3B07DE00} = {4C70684F-28C5-468C-8185-BAEF7CE6D950}
		{413966E2-DB08-4312-843E-5751DC5BDD81} = {4C70684F-28C5-468C-8185-BAEF7CE6D950}
		{FD36C72A-75AD-46E6-996E-0A353F97BB26} = {4C70684F-28C5-468C-8185-BAEF7CE6D950}
		{99CAB5F9-EA60-4319-99B8-6C0FEF7769FE} = {FD36C72A-75AD-46E6-996E-0A353F97BB26}
		{C05CF503-91F4-494E-BC6D-C66C83C850BD} = {FD36C72A-75AD-46E6-996E-0A353F97BB26}
		{E20FF676-8CEB-4158-A2A4-E10EDC6F2985} = {D258C02C-4765-4971-9F6E-406B0CF0132A}
		{E48D3BBA-51E0-4BCD-8BC2-D7CCB2400BBD} = {C6FA3D22-1DC3-40DA-B6B1-813F3B07DE00}
		{330A62A9-1DDA-43BE-82D5-2748AD6F2119} = {413966E2-DB08-4312-843E-5751DC5BDD81}
		{CA70AEB4-52AC-49DA-BDD9-A173A28CC22B} = {99CAB5F9-EA60-4319-99B8-6C0FEF7769FE}
		{BAB561D1-E214-48E7-A193-6D52501C696A} = {C05CF503-91F4-494E-BC6D-C66C83C850BD}
		{2405C598-F02B-45DA-9731-3DBAC86DDF90} = {C05CF503-91F4-494E-BC6D-C66C83C850BD}
		{4660CF0A-BF50-4B5B-BC3F-04DDA34C0115} = {2405C598-F02B-45DA-9731-3DBAC86DDF90}
		{87E6FA66-4142-44C0-90AE-F0EDBD00BA10} = {BAB561D1-E214-48E7-A193-6D52501C696A}
		{7CD821C0-1203-4336-BA5E-197B2FD7452D} = {825BD21D-B71A-4CFC-9F63-6E10B04A8846}
	EndGlobalSection
	GlobalSection(ExtensibilityGlobals) = postSolution
		SolutionGuid = {016C7DAA-48AA-423E-BA11-732B226E2061}
	EndGlobalSection
EndGlobal
